
Microsoft Visual Studio Solution File, Format Version 9.00
# Visual Studio 2005 Tools for Applications
Project("{FAE04EC0-301F-11D3-BF4B-00C04F79EFBC}") = "InfoPathRepeatingTable", "InfoPathRepeatingTable.csproj", "{3BFD1C8E-064B-4D52-9631-C79A99F211B7}"
EndProject
Global
	GlobalSection(SolutionConfigurationPlatforms) = preSolution
		Debug|Any CPU = Debug|Any CPU
		Release|Any CPU = Release|Any CPU
	EndGlobalSection
	GlobalSection(ProjectConfigurationPlatforms) = postSolution
		{3BFD1C8E-064B-4D52-9631-C79A99F211B7}.Debug|Any CPU.ActiveCfg = Debug|Any CPU
		{3BFD1C8E-064B-4D52-9631-C79A99F211B7}.Debug|Any CPU.Build.0 = Debug|Any CPU
		{3BFD1C8E-064B-4D52-9631-C79A99F211B7}.Release|Any CPU.ActiveCfg = Release|Any CPU
		{3BFD1C8E-064B-4D52-9631-C79A99F211B7}.Release|Any CPU.Build.0 = Release|Any CPU
	EndGlobalSection
	GlobalSection(SolutionProperties) = preSolution
		HideSolutionNode = FALSE
	EndGlobalSection
EndGlobal
